// !$*UTF8*$!
{
	archiveVersion = 1;
	classes = {
	};
	objectVersion = 50;
	objects = {

/* Begin PBXBuildFile section */
		5572E1852127ADF60047F22A /* ReactiveCocoa.framework in Frameworks */ = {isa = PBXBuildFile; fileRef = 5572E1842127ADF60047F22A /* ReactiveCocoa.framework */; };
		5572E1872127C4600047F22A /* Project.swift in Sources */ = {isa = PBXBuildFile; fileRef = 5572E1862127C4600047F22A /* Project.swift */; };
		5584D80A2128816D00578997 /* GithubServiceTests.swift in Sources */ = {isa = PBXBuildFile; fileRef = 5584D8092128816D00578997 /* GithubServiceTests.swift */; };
		5584D80C2128830500578997 /* DataRequesting.swift in Sources */ = {isa = PBXBuildFile; fileRef = 5584D80B2128830500578997 /* DataRequesting.swift */; };
		5584D80D21288A8000578997 /* ReactiveSwift.framework in Frameworks */ = {isa = PBXBuildFile; fileRef = 55D21823212644570068D09E /* ReactiveSwift.framework */; };
		5584D80E21288A8400578997 /* Result.framework in Frameworks */ = {isa = PBXBuildFile; fileRef = 55D218252126445B0068D09E /* Result.framework */; };
		5584D80F212892CB00578997 /* Rswift.framework in Frameworks */ = {isa = PBXBuildFile; fileRef = 55D21829212645F40068D09E /* Rswift.framework */; };
		5584D811212892E200578997 /* RswiftTests.swift in Sources */ = {isa = PBXBuildFile; fileRef = 5584D810212892E200578997 /* RswiftTests.swift */; };
		5584D813212893A100578997 /* GithubProjectsSample.json in Resources */ = {isa = PBXBuildFile; fileRef = 5584D812212893A100578997 /* GithubProjectsSample.json */; };
		5584D8152128A70100578997 /* ProjectListViewModel.swift in Sources */ = {isa = PBXBuildFile; fileRef = 5584D8142128A70100578997 /* ProjectListViewModel.swift */; };
		5584D8192128B41700578997 /* ProjectTableViewCell.swift in Sources */ = {isa = PBXBuildFile; fileRef = 5584D8182128B41700578997 /* ProjectTableViewCell.swift */; };
		5584D81B2128B4B300578997 /* ProjectViewModel.swift in Sources */ = {isa = PBXBuildFile; fileRef = 5584D81A2128B4B300578997 /* ProjectViewModel.swift */; };
		5584D8202128D11E00578997 /* ProjectTableViewDataSource.swift in Sources */ = {isa = PBXBuildFile; fileRef = 5584D81F2128D11E00578997 /* ProjectTableViewDataSource.swift */; };
		5584D8272129157100578997 /* ProjectListViewModelTests.swift in Sources */ = {isa = PBXBuildFile; fileRef = 5584D8262129157100578997 /* ProjectListViewModelTests.swift */; };
		5584D8292129209800578997 /* ProjectViewModelTests.swift in Sources */ = {isa = PBXBuildFile; fileRef = 5584D8282129209800578997 /* ProjectViewModelTests.swift */; };
		55D217FD21263DD60068D09E /* AppDelegate.swift in Sources */ = {isa = PBXBuildFile; fileRef = 55D217FC21263DD60068D09E /* AppDelegate.swift */; };
		55D217FF21263DD60068D09E /* ProjectListViewController.swift in Sources */ = {isa = PBXBuildFile; fileRef = 55D217FE21263DD60068D09E /* ProjectListViewController.swift */; };
		55D2180221263DD60068D09E /* Main.storyboard in Resources */ = {isa = PBXBuildFile; fileRef = 55D2180021263DD60068D09E /* Main.storyboard */; };
		55D2180421263DD80068D09E /* Assets.xcassets in Resources */ = {isa = PBXBuildFile; fileRef = 55D2180321263DD80068D09E /* Assets.xcassets */; };
		55D2180721263DD80068D09E /* LaunchScreen.storyboard in Resources */ = {isa = PBXBuildFile; fileRef = 55D2180521263DD80068D09E /* LaunchScreen.storyboard */; };
		55D2181221263DD80068D09E /* GithubTrendsTests.swift in Sources */ = {isa = PBXBuildFile; fileRef = 55D2181121263DD80068D09E /* GithubTrendsTests.swift */; };
		55D21822212644540068D09E /* Reachability.framework in Frameworks */ = {isa = PBXBuildFile; fileRef = 55D21821212644540068D09E /* Reachability.framework */; };
		55D21824212644570068D09E /* ReactiveSwift.framework in Frameworks */ = {isa = PBXBuildFile; fileRef = 55D21823212644570068D09E /* ReactiveSwift.framework */; };
		55D218262126445B0068D09E /* Result.framework in Frameworks */ = {isa = PBXBuildFile; fileRef = 55D218252126445B0068D09E /* Result.framework */; };
		55D2182A212645F40068D09E /* Rswift.framework in Frameworks */ = {isa = PBXBuildFile; fileRef = 55D21829212645F40068D09E /* Rswift.framework */; };
		55D21832212647550068D09E /* R.generated.swift in Sources */ = {isa = PBXBuildFile; fileRef = 55D21831212647550068D09E /* R.generated.swift */; };
		55D2183421264E210068D09E /* Localizable.strings in Resources */ = {isa = PBXBuildFile; fileRef = 55D2183321264E210068D09E /* Localizable.strings */; };
		55D2183721264F5A0068D09E /* ServiceError.swift in Sources */ = {isa = PBXBuildFile; fileRef = 55D2183621264F5A0068D09E /* ServiceError.swift */; };
		55D21839212650050068D09E /* GithubService.swift in Sources */ = {isa = PBXBuildFile; fileRef = 55D21838212650050068D09E /* GithubService.swift */; };
/* End PBXBuildFile section */

/* Begin PBXContainerItemProxy section */
		55D2180E21263DD80068D09E /* PBXContainerItemProxy */ = {
			isa = PBXContainerItemProxy;
			containerPortal = 55D217F121263DD60068D09E /* Project object */;
			proxyType = 1;
			remoteGlobalIDString = 55D217F821263DD60068D09E;
			remoteInfo = GithubTrends;
		};
/* End PBXContainerItemProxy section */

/* Begin PBXFileReference section */
		5572E1842127ADF60047F22A /* ReactiveCocoa.framework */ = {isa = PBXFileReference; lastKnownFileType = wrapper.framework; name = ReactiveCocoa.framework; path = Carthage/Build/iOS/ReactiveCocoa.framework; sourceTree = "<group>"; };
		5572E1862127C4600047F22A /* Project.swift */ = {isa = PBXFileReference; lastKnownFileType = sourcecode.swift; path = Project.swift; sourceTree = "<group>"; };
		5584D8092128816D00578997 /* GithubServiceTests.swift */ = {isa = PBXFileReference; lastKnownFileType = sourcecode.swift; path = GithubServiceTests.swift; sourceTree = "<group>"; };
		5584D80B2128830500578997 /* DataRequesting.swift */ = {isa = PBXFileReference; lastKnownFileType = sourcecode.swift; path = DataRequesting.swift; sourceTree = "<group>"; };
		5584D810212892E200578997 /* RswiftTests.swift */ = {isa = PBXFileReference; lastKnownFileType = sourcecode.swift; path = RswiftTests.swift; sourceTree = "<group>"; };
		5584D812212893A100578997 /* GithubProjectsSample.json */ = {isa = PBXFileReference; lastKnownFileType = text.json; path = GithubProjectsSample.json; sourceTree = "<group>"; };
		5584D8142128A70100578997 /* ProjectListViewModel.swift */ = {isa = PBXFileReference; lastKnownFileType = sourcecode.swift; path = ProjectListViewModel.swift; sourceTree = "<group>"; };
		5584D8182128B41700578997 /* ProjectTableViewCell.swift */ = {isa = PBXFileReference; lastKnownFileType = sourcecode.swift; path = ProjectTableViewCell.swift; sourceTree = "<group>"; };
		5584D81A2128B4B300578997 /* ProjectViewModel.swift */ = {isa = PBXFileReference; lastKnownFileType = sourcecode.swift; path = ProjectViewModel.swift; sourceTree = "<group>"; };
		5584D81F2128D11E00578997 /* ProjectTableViewDataSource.swift */ = {isa = PBXFileReference; lastKnownFileType = sourcecode.swift; path = ProjectTableViewDataSource.swift; sourceTree = "<group>"; };
		5584D8262129157100578997 /* ProjectListViewModelTests.swift */ = {isa = PBXFileReference; lastKnownFileType = sourcecode.swift; path = ProjectListViewModelTests.swift; sourceTree = "<group>"; };
		5584D8282129209800578997 /* ProjectViewModelTests.swift */ = {isa = PBXFileReference; lastKnownFileType = sourcecode.swift; path = ProjectViewModelTests.swift; sourceTree = "<group>"; };
		55D217F921263DD60068D09E /* GithubTrends.app */ = {isa = PBXFileReference; explicitFileType = wrapper.application; includeInIndex = 0; path = GithubTrends.app; sourceTree = BUILT_PRODUCTS_DIR; };
		55D217FC21263DD60068D09E /* AppDelegate.swift */ = {isa = PBXFileReference; lastKnownFileType = sourcecode.swift; path = AppDelegate.swift; sourceTree = "<group>"; };
		55D217FE21263DD60068D09E /* ProjectListViewController.swift */ = {isa = PBXFileReference; lastKnownFileType = sourcecode.swift; path = ProjectListViewController.swift; sourceTree = "<group>"; };
		55D2180121263DD60068D09E /* Base */ = {isa = PBXFileReference; lastKnownFileType = file.storyboard; name = Base; path = Base.lproj/Main.storyboard; sourceTree = "<group>"; };
		55D2180321263DD80068D09E /* Assets.xcassets */ = {isa = PBXFileReference; lastKnownFileType = folder.assetcatalog; path = Assets.xcassets; sourceTree = "<group>"; };
		55D2180621263DD80068D09E /* Base */ = {isa = PBXFileReference; lastKnownFileType = file.storyboard; name = Base; path = Base.lproj/LaunchScreen.storyboard; sourceTree = "<group>"; };
		55D2180821263DD80068D09E /* Info.plist */ = {isa = PBXFileReference; lastKnownFileType = text.plist.xml; path = Info.plist; sourceTree = "<group>"; };
		55D2180D21263DD80068D09E /* GithubTrendsTests.xctest */ = {isa = PBXFileReference; explicitFileType = wrapper.cfbundle; includeInIndex = 0; path = GithubTrendsTests.xctest; sourceTree = BUILT_PRODUCTS_DIR; };
		55D2181121263DD80068D09E /* GithubTrendsTests.swift */ = {isa = PBXFileReference; lastKnownFileType = sourcecode.swift; path = GithubTrendsTests.swift; sourceTree = "<group>"; };
		55D2181321263DD80068D09E /* Info.plist */ = {isa = PBXFileReference; lastKnownFileType = text.plist.xml; path = Info.plist; sourceTree = "<group>"; };
		55D21821212644540068D09E /* Reachability.framework */ = {isa = PBXFileReference; lastKnownFileType = wrapper.framework; name = Reachability.framework; path = Carthage/Build/iOS/Reachability.framework; sourceTree = "<group>"; };
		55D21823212644570068D09E /* ReactiveSwift.framework */ = {isa = PBXFileReference; lastKnownFileType = wrapper.framework; name = ReactiveSwift.framework; path = Carthage/Build/iOS/ReactiveSwift.framework; sourceTree = "<group>"; };
		55D218252126445B0068D09E /* Result.framework */ = {isa = PBXFileReference; lastKnownFileType = wrapper.framework; name = Result.framework; path = Carthage/Build/iOS/Result.framework; sourceTree = "<group>"; };
		55D21829212645F40068D09E /* Rswift.framework */ = {isa = PBXFileReference; lastKnownFileType = wrapper.framework; name = Rswift.framework; path = Carthage/Build/iOS/Rswift.framework; sourceTree = "<group>"; };
		55D21831212647550068D09E /* R.generated.swift */ = {isa = PBXFileReference; fileEncoding = 4; lastKnownFileType = sourcecode.swift; name = R.generated.swift; path = GithubTrends/R.generated.swift; sourceTree = SOURCE_ROOT; };
		55D2183321264E210068D09E /* Localizable.strings */ = {isa = PBXFileReference; lastKnownFileType = text.plist.strings; path = Localizable.strings; sourceTree = "<group>"; };
		55D2183621264F5A0068D09E /* ServiceError.swift */ = {isa = PBXFileReference; lastKnownFileType = sourcecode.swift; path = ServiceError.swift; sourceTree = "<group>"; };
		55D21838212650050068D09E /* GithubService.swift */ = {isa = PBXFileReference; lastKnownFileType = sourcecode.swift; path = GithubService.swift; sourceTree = "<group>"; };
/* End PBXFileReference section */

/* Begin PBXFrameworksBuildPhase section */
		55D217F621263DD60068D09E /* Frameworks */ = {
			isa = PBXFrameworksBuildPhase;
			buildActionMask = 2147483647;
			files = (
				55D2182A212645F40068D09E /* Rswift.framework in Frameworks */,
				55D21822212644540068D09E /* Reachability.framework in Frameworks */,
				55D21824212644570068D09E /* ReactiveSwift.framework in Frameworks */,
				55D218262126445B0068D09E /* Result.framework in Frameworks */,
				5572E1852127ADF60047F22A /* ReactiveCocoa.framework in Frameworks */,
			);
			runOnlyForDeploymentPostprocessing = 0;
		};
		55D2180A21263DD80068D09E /* Frameworks */ = {
			isa = PBXFrameworksBuildPhase;
			buildActionMask = 2147483647;
			files = (
				5584D80D21288A8000578997 /* ReactiveSwift.framework in Frameworks */,
				5584D80E21288A8400578997 /* Result.framework in Frameworks */,
				5584D80F212892CB00578997 /* Rswift.framework in Frameworks */,
			);
			runOnlyForDeploymentPostprocessing = 0;
		};
/* End PBXFrameworksBuildPhase section */

/* Begin PBXGroup section */
		5584D8082128815800578997 /* Model */ = {
			isa = PBXGroup;
			children = (
				5584D8092128816D00578997 /* GithubServiceTests.swift */,
				5584D810212892E200578997 /* RswiftTests.swift */,
			);
			path = Model;
			sourceTree = "<group>";
		};
		5584D8162128B3EF00578997 /* ViewControllers */ = {
			isa = PBXGroup;
			children = (
				55D217FE21263DD60068D09E /* ProjectListViewController.swift */,
			);
			path = ViewControllers;
			sourceTree = "<group>";
		};
		5584D8172128B3F800578997 /* Cells */ = {
			isa = PBXGroup;
			children = (
				5584D8182128B41700578997 /* ProjectTableViewCell.swift */,
			);
			path = Cells;
			sourceTree = "<group>";
		};
		5584D81E2128CE1300578997 /* DataSources */ = {
			isa = PBXGroup;
			children = (
				5584D81F2128D11E00578997 /* ProjectTableViewDataSource.swift */,
			);
			path = DataSources;
			sourceTree = "<group>";
		};
		5584D8252129154B00578997 /* ViewModel */ = {
			isa = PBXGroup;
			children = (
				5584D8262129157100578997 /* ProjectListViewModelTests.swift */,
				5584D8282129209800578997 /* ProjectViewModelTests.swift */,
			);
			path = ViewModel;
			sourceTree = "<group>";
		};
		55D217F021263DD60068D09E = {
			isa = PBXGroup;
			children = (
				55D217FB21263DD60068D09E /* GithubTrends */,
				55D2181021263DD80068D09E /* GithubTrendsTests */,
				55D217FA21263DD60068D09E /* Products */,
				55D21820212644540068D09E /* Frameworks */,
			);
			sourceTree = "<group>";
		};
		55D217FA21263DD60068D09E /* Products */ = {
			isa = PBXGroup;
			children = (
				55D217F921263DD60068D09E /* GithubTrends.app */,
				55D2180D21263DD80068D09E /* GithubTrendsTests.xctest */,
			);
			name = Products;
			sourceTree = "<group>";
		};
		55D217FB21263DD60068D09E /* GithubTrends */ = {
			isa = PBXGroup;
			children = (
				55D21830212647010068D09E /* Resources */,
				55D2182E212646BD0068D09E /* ViewModel */,
				55D2182D212646B80068D09E /* Model */,
				55D2182C212646AF0068D09E /* View */,
			);
			path = GithubTrends;
			sourceTree = "<group>";
		};
		55D2181021263DD80068D09E /* GithubTrendsTests */ = {
			isa = PBXGroup;
			children = (
				5584D8252129154B00578997 /* ViewModel */,
				5584D8082128815800578997 /* Model */,
				55D2181121263DD80068D09E /* GithubTrendsTests.swift */,
				55D2181321263DD80068D09E /* Info.plist */,
			);
			path = GithubTrendsTests;
			sourceTree = "<group>";
		};
		55D21820212644540068D09E /* Frameworks */ = {
			isa = PBXGroup;
			children = (
				5572E1842127ADF60047F22A /* ReactiveCocoa.framework */,
				55D21829212645F40068D09E /* Rswift.framework */,
				55D218252126445B0068D09E /* Result.framework */,
				55D21823212644570068D09E /* ReactiveSwift.framework */,
				55D21821212644540068D09E /* Reachability.framework */,
			);
			name = Frameworks;
			sourceTree = "<group>";
		};
		55D2182C212646AF0068D09E /* View */ = {
			isa = PBXGroup;
			children = (
				5584D81E2128CE1300578997 /* DataSources */,
				5584D8172128B3F800578997 /* Cells */,
				5584D8162128B3EF00578997 /* ViewControllers */,
				55D2182F212646C40068D09E /* Storyboards */,
			);
			path = View;
			sourceTree = "<group>";
		};
		55D2182D212646B80068D09E /* Model */ = {
			isa = PBXGroup;
			children = (
				55D2183521264F4F0068D09E /* Service */,
				55D21831212647550068D09E /* R.generated.swift */,
				5572E1862127C4600047F22A /* Project.swift */,
			);
			path = Model;
			sourceTree = "<group>";
		};
		55D2182E212646BD0068D09E /* ViewModel */ = {
			isa = PBXGroup;
			children = (
				5584D8142128A70100578997 /* ProjectListViewModel.swift */,
				5584D81A2128B4B300578997 /* ProjectViewModel.swift */,
			);
			path = ViewModel;
			sourceTree = "<group>";
		};
		55D2182F212646C40068D09E /* Storyboards */ = {
			isa = PBXGroup;
			children = (
				55D2180021263DD60068D09E /* Main.storyboard */,
			);
			path = Storyboards;
			sourceTree = "<group>";
		};
		55D21830212647010068D09E /* Resources */ = {
			isa = PBXGroup;
			children = (
				55D217FC21263DD60068D09E /* AppDelegate.swift */,
				55D2180321263DD80068D09E /* Assets.xcassets */,
				55D2180521263DD80068D09E /* LaunchScreen.storyboard */,
				55D2180821263DD80068D09E /* Info.plist */,
				55D2183321264E210068D09E /* Localizable.strings */,
				5584D812212893A100578997 /* GithubProjectsSample.json */,
			);
			path = Resources;
			sourceTree = "<group>";
		};
		55D2183521264F4F0068D09E /* Service */ = {
			isa = PBXGroup;
			children = (
				55D2183621264F5A0068D09E /* ServiceError.swift */,
				55D21838212650050068D09E /* GithubService.swift */,
				5584D80B2128830500578997 /* DataRequesting.swift */,
			);
			path = Service;
			sourceTree = "<group>";
		};
/* End PBXGroup section */

/* Begin PBXNativeTarget section */
		55D217F821263DD60068D09E /* GithubTrends */ = {
			isa = PBXNativeTarget;
			buildConfigurationList = 55D2181621263DD80068D09E /* Build configuration list for PBXNativeTarget "GithubTrends" */;
			buildPhases = (
				55D2182B2126466D0068D09E /* Rswift generator */,
				55D217F521263DD60068D09E /* Sources */,
				55D217F621263DD60068D09E /* Frameworks */,
				55D217F721263DD60068D09E /* Resources */,
				55D21828212644F90068D09E /* Carthage copy-frameworks Script */,
			);
			buildRules = (
			);
			dependencies = (
			);
			name = GithubTrends;
			productName = GithubTrends;
			productReference = 55D217F921263DD60068D09E /* GithubTrends.app */;
			productType = "com.apple.product-type.application";
		};
		55D2180C21263DD80068D09E /* GithubTrendsTests */ = {
			isa = PBXNativeTarget;
			buildConfigurationList = 55D2181921263DD80068D09E /* Build configuration list for PBXNativeTarget "GithubTrendsTests" */;
			buildPhases = (
				55D2180921263DD80068D09E /* Sources */,
				55D2180A21263DD80068D09E /* Frameworks */,
				55D2180B21263DD80068D09E /* Resources */,
			);
			buildRules = (
			);
			dependencies = (
				55D2180F21263DD80068D09E /* PBXTargetDependency */,
			);
			name = GithubTrendsTests;
			productName = GithubTrendsTests;
			productReference = 55D2180D21263DD80068D09E /* GithubTrendsTests.xctest */;
			productType = "com.apple.product-type.bundle.unit-test";
		};
/* End PBXNativeTarget section */

/* Begin PBXProject section */
		55D217F121263DD60068D09E /* Project object */ = {
			isa = PBXProject;
			attributes = {
				LastSwiftUpdateCheck = 0940;
				LastUpgradeCheck = 0940;
				ORGANIZATIONNAME = yyamil;
				TargetAttributes = {
					55D217F821263DD60068D09E = {
						CreatedOnToolsVersion = 9.4.1;
					};
					55D2180C21263DD80068D09E = {
						CreatedOnToolsVersion = 9.4.1;
						TestTargetID = 55D217F821263DD60068D09E;
					};
				};
			};
			buildConfigurationList = 55D217F421263DD60068D09E /* Build configuration list for PBXProject "GithubTrends" */;
			compatibilityVersion = "Xcode 9.3";
			developmentRegion = en;
			hasScannedForEncodings = 0;
			knownRegions = (
				en,
				Base,
			);
			mainGroup = 55D217F021263DD60068D09E;
			productRefGroup = 55D217FA21263DD60068D09E /* Products */;
			projectDirPath = "";
			projectRoot = "";
			targets = (
				55D217F821263DD60068D09E /* GithubTrends */,
				55D2180C21263DD80068D09E /* GithubTrendsTests */,
			);
		};
/* End PBXProject section */

/* Begin PBXResourcesBuildPhase section */
		55D217F721263DD60068D09E /* Resources */ = {
			isa = PBXResourcesBuildPhase;
			buildActionMask = 2147483647;
			files = (
				55D2180721263DD80068D09E /* LaunchScreen.storyboard in Resources */,
				5584D813212893A100578997 /* GithubProjectsSample.json in Resources */,
				55D2183421264E210068D09E /* Localizable.strings in Resources */,
				55D2180421263DD80068D09E /* Assets.xcassets in Resources */,
				55D2180221263DD60068D09E /* Main.storyboard in Resources */,
			);
			runOnlyForDeploymentPostprocessing = 0;
		};
		55D2180B21263DD80068D09E /* Resources */ = {
			isa = PBXResourcesBuildPhase;
			buildActionMask = 2147483647;
			files = (
			);
			runOnlyForDeploymentPostprocessing = 0;
		};
/* End PBXResourcesBuildPhase section */

/* Begin PBXShellScriptBuildPhase section */
		55D21828212644F90068D09E /* Carthage copy-frameworks Script */ = {
			isa = PBXShellScriptBuildPhase;
			buildActionMask = 2147483647;
			files = (
			);
			inputPaths = (
				"$(SRCROOT)/Carthage/Build/iOS/Reachability.framework",
				"$(SRCROOT)/Carthage/Build/iOS/ReactiveSwift.framework",
				"$(SRCROOT)/Carthage/Build/iOS/Result.framework",
				"$(SRCROOT)/Carthage/Build/iOS/Rswift.framework",
				"$(SRCROOT)/Carthage/Build/iOS/ReactiveCocoa.framework",
			);
			name = "Carthage copy-frameworks Script";
			outputPaths = (
			);
			runOnlyForDeploymentPostprocessing = 0;
			shellPath = /bin/sh;
			shellScript = "/usr/local/bin/carthage copy-frameworks";
		};
		55D2182B2126466D0068D09E /* Rswift generator */ = {
			isa = PBXShellScriptBuildPhase;
			buildActionMask = 2147483647;
			files = (
			);
			inputPaths = (
			);
			name = "Rswift generator";
			outputPaths = (
			);
			runOnlyForDeploymentPostprocessing = 0;
			shellPath = /bin/sh;
			shellScript = "\"$SRCROOT/rswift/rswift\" generate \"$SRCROOT/GithubTrends\"";
		};
/* End PBXShellScriptBuildPhase section */

/* Begin PBXSourcesBuildPhase section */
		55D217F521263DD60068D09E /* Sources */ = {
			isa = PBXSourcesBuildPhase;
			buildActionMask = 2147483647;
			files = (
				55D2183721264F5A0068D09E /* ServiceError.swift in Sources */,
				5584D80C2128830500578997 /* DataRequesting.swift in Sources */,
				55D217FF21263DD60068D09E /* ProjectListViewController.swift in Sources */,
				55D217FD21263DD60068D09E /* AppDelegate.swift in Sources */,
				5584D8202128D11E00578997 /* ProjectTableViewDataSource.swift in Sources */,
				5584D81B2128B4B300578997 /* ProjectViewModel.swift in Sources */,
				5584D8152128A70100578997 /* ProjectListViewModel.swift in Sources */,
				5584D8192128B41700578997 /* ProjectTableViewCell.swift in Sources */,
				55D21839212650050068D09E /* GithubService.swift in Sources */,
				55D21832212647550068D09E /* R.generated.swift in Sources */,
				5572E1872127C4600047F22A /* Project.swift in Sources */,
			);
			runOnlyForDeploymentPostprocessing = 0;
		};
		55D2180921263DD80068D09E /* Sources */ = {
			isa = PBXSourcesBuildPhase;
			buildActionMask = 2147483647;
			files = (
				5584D8272129157100578997 /* ProjectListViewModelTests.swift in Sources */,
				5584D80A2128816D00578997 /* GithubServiceTests.swift in Sources */,
				55D2181221263DD80068D09E /* GithubTrendsTests.swift in Sources */,
				5584D8292129209800578997 /* ProjectViewModelTests.swift in Sources */,
				5584D811212892E200578997 /* RswiftTests.swift in Sources */,
			);
			runOnlyForDeploymentPostprocessing = 0;
		};
/* End PBXSourcesBuildPhase section */

/* Begin PBXTargetDependency section */
		55D2180F21263DD80068D09E /* PBXTargetDependency */ = {
			isa = PBXTargetDependency;
			target = 55D217F821263DD60068D09E /* GithubTrends */;
			targetProxy = 55D2180E21263DD80068D09E /* PBXContainerItemProxy */;
		};
/* End PBXTargetDependency section */

/* Begin PBXVariantGroup section */
		55D2180021263DD60068D09E /* Main.storyboard */ = {
			isa = PBXVariantGroup;
			children = (
				55D2180121263DD60068D09E /* Base */,
			);
			name = Main.storyboard;
			sourceTree = "<group>";
		};
		55D2180521263DD80068D09E /* LaunchScreen.storyboard */ = {
			isa = PBXVariantGroup;
			children = (
				55D2180621263DD80068D09E /* Base */,
			);
			name = LaunchScreen.storyboard;
			sourceTree = "<group>";
		};
/* End PBXVariantGroup section */

/* Begin XCBuildConfiguration section */
		55D2181421263DD80068D09E /* Debug */ = {
			isa = XCBuildConfiguration;
			buildSettings = {
				ALWAYS_SEARCH_USER_PATHS = NO;
				CLANG_ANALYZER_NONNULL = YES;
				CLANG_ANALYZER_NUMBER_OBJECT_CONVERSION = YES_AGGRESSIVE;
				CLANG_CXX_LANGUAGE_STANDARD = "gnu++14";
				CLANG_CXX_LIBRARY = "libc++";
				CLANG_ENABLE_MODULES = YES;
				CLANG_ENABLE_OBJC_ARC = YES;
				CLANG_ENABLE_OBJC_WEAK = YES;
				CLANG_WARN_BLOCK_CAPTURE_AUTORELEASING = YES;
				CLANG_WARN_BOOL_CONVERSION = YES;
				CLANG_WARN_COMMA = YES;
				CLANG_WARN_CONSTANT_CONVERSION = YES;
				CLANG_WARN_DEPRECATED_OBJC_IMPLEMENTATIONS = YES;
				CLANG_WARN_DIRECT_OBJC_ISA_USAGE = YES_ERROR;
				CLANG_WARN_DOCUMENTATION_COMMENTS = YES;
				CLANG_WARN_EMPTY_BODY = YES;
				CLANG_WARN_ENUM_CONVERSION = YES;
				CLANG_WARN_INFINITE_RECURSION = YES;
				CLANG_WARN_INT_CONVERSION = YES;
				CLANG_WARN_NON_LITERAL_NULL_CONVERSION = YES;
				CLANG_WARN_OBJC_IMPLICIT_RETAIN_SELF = YES;
				CLANG_WARN_OBJC_LITERAL_CONVERSION = YES;
				CLANG_WARN_OBJC_ROOT_CLASS = YES_ERROR;
				CLANG_WARN_RANGE_LOOP_ANALYSIS = YES;
				CLANG_WARN_STRICT_PROTOTYPES = YES;
				CLANG_WARN_SUSPICIOUS_MOVE = YES;
				CLANG_WARN_UNGUARDED_AVAILABILITY = YES_AGGRESSIVE;
				CLANG_WARN_UNREACHABLE_CODE = YES;
				CLANG_WARN__DUPLICATE_METHOD_MATCH = YES;
				CODE_SIGN_IDENTITY = "iPhone Developer";
				COPY_PHASE_STRIP = NO;
				DEBUG_INFORMATION_FORMAT = dwarf;
				ENABLE_STRICT_OBJC_MSGSEND = YES;
				ENABLE_TESTABILITY = YES;
				GCC_C_LANGUAGE_STANDARD = gnu11;
				GCC_DYNAMIC_NO_PIC = NO;
				GCC_NO_COMMON_BLOCKS = YES;
				GCC_OPTIMIZATION_LEVEL = 0;
				GCC_PREPROCESSOR_DEFINITIONS = (
					"DEBUG=1",
					"$(inherited)",
				);
				GCC_WARN_64_TO_32_BIT_CONVERSION = YES;
				GCC_WARN_ABOUT_RETURN_TYPE = YES_ERROR;
				GCC_WARN_UNDECLARED_SELECTOR = YES;
				GCC_WARN_UNINITIALIZED_AUTOS = YES_AGGRESSIVE;
				GCC_WARN_UNUSED_FUNCTION = YES;
				GCC_WARN_UNUSED_VARIABLE = YES;
				IPHONEOS_DEPLOYMENT_TARGET = 11.4;
				MTL_ENABLE_DEBUG_INFO = YES;
				ONLY_ACTIVE_ARCH = YES;
				SDKROOT = iphoneos;
				SWIFT_ACTIVE_COMPILATION_CONDITIONS = DEBUG;
				SWIFT_OPTIMIZATION_LEVEL = "-Onone";
			};
			name = Debug;
		};
		55D2181521263DD80068D09E /* Release */ = {
			isa = XCBuildConfiguration;
			buildSettings = {
				ALWAYS_SEARCH_USER_PATHS = NO;
				CLANG_ANALYZER_NONNULL = YES;
				CLANG_ANALYZER_NUMBER_OBJECT_CONVERSION = YES_AGGRESSIVE;
				CLANG_CXX_LANGUAGE_STANDARD = "gnu++14";
				CLANG_CXX_LIBRARY = "libc++";
				CLANG_ENABLE_MODULES = YES;
				CLANG_ENABLE_OBJC_ARC = YES;
				CLANG_ENABLE_OBJC_WEAK = YES;
				CLANG_WARN_BLOCK_CAPTURE_AUTORELEASING = YES;
				CLANG_WARN_BOOL_CONVERSION = YES;
				CLANG_WARN_COMMA = YES;
				CLANG_WARN_CONSTANT_CONVERSION = YES;
				CLANG_WARN_DEPRECATED_OBJC_IMPLEMENTATIONS = YES;
				CLANG_WARN_DIRECT_OBJC_ISA_USAGE = YES_ERROR;
				CLANG_WARN_DOCUMENTATION_COMMENTS = YES;
				CLANG_WARN_EMPTY_BODY = YES;
				CLANG_WARN_ENUM_CONVERSION = YES;
				CLANG_WARN_INFINITE_RECURSION = YES;
				CLANG_WARN_INT_CONVERSION = YES;
				CLANG_WARN_NON_LITERAL_NULL_CONVERSION = YES;
				CLANG_WARN_OBJC_IMPLICIT_RETAIN_SELF = YES;
				CLANG_WARN_OBJC_LITERAL_CONVERSION = YES;
				CLANG_WARN_OBJC_ROOT_CLASS = YES_ERROR;
				CLANG_WARN_RANGE_LOOP_ANALYSIS = YES;
				CLANG_WARN_STRICT_PROTOTYPES = YES;
				CLANG_WARN_SUSPICIOUS_MOVE = YES;
				CLANG_WARN_UNGUARDED_AVAILABILITY = YES_AGGRESSIVE;
				CLANG_WARN_UNREACHABLE_CODE = YES;
				CLANG_WARN__DUPLICATE_METHOD_MATCH = YES;
				CODE_SIGN_IDENTITY = "iPhone Developer";
				COPY_PHASE_STRIP = NO;
				DEBUG_INFORMATION_FORMAT = "dwarf-with-dsym";
				ENABLE_NS_ASSERTIONS = NO;
				ENABLE_STRICT_OBJC_MSGSEND = YES;
				GCC_C_LANGUAGE_STANDARD = gnu11;
				GCC_NO_COMMON_BLOCKS = YES;
				GCC_WARN_64_TO_32_BIT_CONVERSION = YES;
				GCC_WARN_ABOUT_RETURN_TYPE = YES_ERROR;
				GCC_WARN_UNDECLARED_SELECTOR = YES;
				GCC_WARN_UNINITIALIZED_AUTOS = YES_AGGRESSIVE;
				GCC_WARN_UNUSED_FUNCTION = YES;
				GCC_WARN_UNUSED_VARIABLE = YES;
				IPHONEOS_DEPLOYMENT_TARGET = 11.4;
				MTL_ENABLE_DEBUG_INFO = NO;
				SDKROOT = iphoneos;
				SWIFT_COMPILATION_MODE = wholemodule;
				SWIFT_OPTIMIZATION_LEVEL = "-O";
				VALIDATE_PRODUCT = YES;
			};
			name = Release;
		};
		55D2181721263DD80068D09E /* Debug */ = {
			isa = XCBuildConfiguration;
			buildSettings = {
				ASSETCATALOG_COMPILER_APPICON_NAME = AppIcon;
				CODE_SIGN_STYLE = Automatic;
				DEVELOPMENT_TEAM = D8S2BW5FF2;
				FRAMEWORK_SEARCH_PATHS = (
					"$(inherited)",
					"$(PROJECT_DIR)/Carthage/Build/iOS",
				);
				INFOPLIST_FILE = "$(SRCROOT)/GithubTrends/Resources/Info.plist";
				LD_RUNPATH_SEARCH_PATHS = (
					"$(inherited)",
					"@executable_path/Frameworks",
				);
				PRODUCT_BUNDLE_IDENTIFIER = com.yyamil.GithubTrend;
				PRODUCT_NAME = "$(TARGET_NAME)";
				SWIFT_VERSION = 4.0;
				TARGETED_DEVICE_FAMILY = "1,2";
			};
			name = Debug;
		};
		55D2181821263DD80068D09E /* Release */ = {
			isa = XCBuildConfiguration;
			buildSettings = {
				ASSETCATALOG_COMPILER_APPICON_NAME = AppIcon;
				CODE_SIGN_STYLE = Automatic;
				DEVELOPMENT_TEAM = D8S2BW5FF2;
				FRAMEWORK_SEARCH_PATHS = (
					"$(inherited)",
					"$(PROJECT_DIR)/Carthage/Build/iOS",
				);
				INFOPLIST_FILE = "$(SRCROOT)/GithubTrends/Resources/Info.plist";
				LD_RUNPATH_SEARCH_PATHS = (
					"$(inherited)",
					"@executable_path/Frameworks",
				);
				PRODUCT_BUNDLE_IDENTIFIER = com.yyamil.GithubTrend;
				PRODUCT_NAME = "$(TARGET_NAME)";
				SWIFT_VERSION = 4.0;
				TARGETED_DEVICE_FAMILY = "1,2";
			};
			name = Release;
		};
		55D2181A21263DD80068D09E /* Debug */ = {
			isa = XCBuildConfiguration;
			buildSettings = {
				ALWAYS_EMBED_SWIFT_STANDARD_LIBRARIES = YES;
				BUNDLE_LOADER = "$(TEST_HOST)";
				CODE_SIGN_STYLE = Automatic;
				DEVELOPMENT_TEAM = HHGAVG5T2V;
				FRAMEWORK_SEARCH_PATHS = (
					"$(inherited)",
					"$(PROJECT_DIR)/Carthage/Build/iOS",
				);
				INFOPLIST_FILE = GithubTrendsTests/Info.plist;
				LD_RUNPATH_SEARCH_PATHS = (
					"$(inherited)",
					"@executable_path/Frameworks",
					"@loader_path/Frameworks",
				);
				PRODUCT_BUNDLE_IDENTIFIER = com.yyamil.GithubTrendsTests;
				PRODUCT_NAME = "$(TARGET_NAME)";
				SWIFT_VERSION = 4.0;
				TARGETED_DEVICE_FAMILY = "1,2";
				TEST_HOST = "$(BUILT_PRODUCTS_DIR)/GithubTrends.app/GithubTrends";
			};
			name = Debug;
		};
		55D2181B21263DD80068D09E /* Release */ = {
			isa = XCBuildConfiguration;
			buildSettings = {
				ALWAYS_EMBED_SWIFT_STANDARD_LIBRARIES = YES;
				BUNDLE_LOADER = "$(TEST_HOST)";
				CODE_SIGN_STYLE = Automatic;
				DEVELOPMENT_TEAM = HHGAVG5T2V;
				FRAMEWORK_SEARCH_PATHS = (
					"$(inherited)",
					"$(PROJECT_DIR)/Carthage/Build/iOS",
				);
				INFOPLIST_FILE = GithubTrendsTests/Info.plist;
				LD_RUNPATH_SEARCH_PATHS = (
					"$(inherited)",
					"@executable_path/Frameworks",
					"@loader_path/Frameworks",
				);
				PRODUCT_BUNDLE_IDENTIFIER = com.yyamil.GithubTrendsTests;
				PRODUCT_NAME = "$(TARGET_NAME)";
				SWIFT_VERSION = 4.0;
				TARGETED_DEVICE_FAMILY = "1,2";
				TEST_HOST = "$(BUILT_PRODUCTS_DIR)/GithubTrends.app/GithubTrends";
			};
			name = Release;
		};
/* End XCBuildConfiguration section */

/* Begin XCConfigurationList section */
		55D217F421263DD60068D09E /* Build configuration list for PBXProject "GithubTrends" */ = {
			isa = XCConfigurationList;
			buildConfigurations = (
				55D2181421263DD80068D09E /* Debug */,
				55D2181521263DD80068D09E /* Release */,
			);
			defaultConfigurationIsVisible = 0;
			defaultConfigurationName = Release;
		};
		55D2181621263DD80068D09E /* Build configuration list for PBXNativeTarget "GithubTrends" */ = {
			isa = XCConfigurationList;
			buildConfigurations = (
				55D2181721263DD80068D09E /* Debug */,
				55D2181821263DD80068D09E /* Release */,
			);
			defaultConfigurationIsVisible = 0;
			defaultConfigurationName = Release;
		};
		55D2181921263DD80068D09E /* Build configuration list for PBXNativeTarget "GithubTrendsTests" */ = {
			isa = XCConfigurationList;
			buildConfigurations = (
				55D2181A21263DD80068D09E /* Debug */,
				55D2181B21263DD80068D09E /* Release */,
			);
			defaultConfigurationIsVisible = 0;
			defaultConfigurationName = Release;
		};
/* End XCConfigurationList section */
	};
	rootObject = 55D217F121263DD60068D09E /* Project object */;
}
